
Microsoft Visual Studio Solution File, Format Version 12.00
# Visual Studio 15
VisualStudioVersion = 15.0.28307.136
MinimumVisualStudioVersion = 10.0.40219.1
Project("{FAE04EC0-301F-11D3-BF4B-00C04F79EFBC}") = "NoteShare.Android", "NoteShare\NoteShare.Android\NoteShare.Android.csproj", "{672FECF5-9918-45F0-93D2-DD22A350F385}"
EndProject
Project("{FAE04EC0-301F-11D3-BF4B-00C04F79EFBC}") = "NoteShare.iOS", "NoteShare\NoteShare.iOS\NoteShare.iOS.csproj", "{06FA792E-A0E5-42CE-9047-3D8485185871}"
EndProject
Project("{9A19103F-16F7-4668-BE54-9A1E7A4F7556}") = "NoteShare", "NoteShare\NoteShare\NoteShare.csproj", "{B6A999FC-71E7-4086-8AE5-89CDC41F9376}"
EndProject
Global
	GlobalSection(SolutionConfigurationPlatforms) = preSolution
		Ad-Hoc|Any CPU = Ad-Hoc|Any CPU
		Ad-Hoc|iPhone = Ad-Hoc|iPhone
		Ad-Hoc|iPhoneSimulator = Ad-Hoc|iPhoneSimulator
		Ad-Hoc|x64 = Ad-Hoc|x64
		AppStore|Any CPU = AppStore|Any CPU
		AppStore|iPhone = AppStore|iPhone
		AppStore|iPhoneSimulator = AppStore|iPhoneSimulator
		AppStore|x64 = AppStore|x64
		Debug|Any CPU = Debug|Any CPU
		Debug|iPhone = Debug|iPhone
		Debug|iPhoneSimulator = Debug|iPhoneSimulator
		Debug|x64 = Debug|x64
		Release|Any CPU = Release|Any CPU
		Release|iPhone = Release|iPhone
		Release|iPhoneSimulator = Release|iPhoneSimulator
		Release|x64 = Release|x64
	EndGlobalSection
	GlobalSection(ProjectConfigurationPlatforms) = postSolution
		{672FECF5-9918-45F0-93D2-DD22A350F385}.Ad-Hoc|Any CPU.ActiveCfg = Release|Any CPU
		{672FECF5-9918-45F0-93D2-DD22A350F385}.Ad-Hoc|Any CPU.Build.0 = Release|Any CPU
		{672FECF5-9918-45F0-93D2-DD22A350F385}.Ad-Hoc|Any CPU.Deploy.0 = Release|Any CPU
		{672FECF5-9918-45F0-93D2-DD22A350F385}.Ad-Hoc|iPhone.ActiveCfg = Release|Any CPU
		{672FECF5-9918-45F0-93D2-DD22A350F385}.Ad-Hoc|iPhone.Build.0 = Release|Any CPU
		{672FECF5-9918-45F0-93D2-DD22A350F385}.Ad-Hoc|iPhone.Deploy.0 = Release|Any CPU
		{672FECF5-9918-45F0-93D2-DD22A350F385}.Ad-Hoc|iPhoneSimulator.ActiveCfg = Release|Any CPU
		{672FECF5-9918-45F0-93D2-DD22A350F385}.Ad-Hoc|iPhoneSimulator.Build.0 = Release|Any CPU
		{672FECF5-9918-45F0-93D2-DD22A350F385}.Ad-Hoc|iPhoneSimulator.Deploy.0 = Release|Any CPU
		{672FECF5-9918-45F0-93D2-DD22A350F385}.Ad-Hoc|x64.ActiveCfg = Release|x64
		{672FECF5-9918-45F0-93D2-DD22A350F385}.Ad-Hoc|x64.Build.0 = Release|x64
		{672FECF5-9918-45F0-93D2-DD22A350F385}.Ad-Hoc|x64.Deploy.0 = Release|x64
		{672FECF5-9918-45F0-93D2-DD22A350F385}.AppStore|Any CPU.ActiveCfg = Release|Any CPU
		{672FECF5-9918-45F0-93D2-DD22A350F385}.AppStore|Any CPU.Build.0 = Release|Any CPU
		{672FECF5-9918-45F0-93D2-DD22A350F385}.AppStore|Any CPU.Deploy.0 = Release|Any CPU
		{672FECF5-9918-45F0-93D2-DD22A350F385}.AppStore|iPhone.ActiveCfg = Release|Any CPU
		{672FECF5-9918-45F0-93D2-DD22A350F385}.AppStore|iPhone.Build.0 = Release|Any CPU
		{672FECF5-9918-45F0-93D2-DD22A350F385}.AppStore|iPhone.Deploy.0 = Release|Any CPU
		{672FECF5-9918-45F0-93D2-DD22A350F385}.AppStore|iPhoneSimulator.ActiveCfg = Release|Any CPU
		{672FECF5-9918-45F0-93D2-DD22A350F385}.AppStore|iPhoneSimulator.Build.0 = Release|Any CPU
		{672FECF5-9918-45F0-93D2-DD22A350F385}.AppStore|iPhoneSimulator.Deploy.0 = Release|Any CPU
		{672FECF5-9918-45F0-93D2-DD22A350F385}.AppStore|x64.ActiveCfg = Release|x64
		{672FECF5-9918-45F0-93D2-DD22A350F385}.AppStore|x64.Build.0 = Release|x64
		{672FECF5-9918-45F0-93D2-DD22A350F385}.AppStore|x64.Deploy.0 = Release|x64
		{672FECF5-9918-45F0-93D2-DD22A350F385}.Debug|Any CPU.ActiveCfg = Debug|Any CPU
		{672FECF5-9918-45F0-93D2-DD22A350F385}.Debug|Any CPU.Build.0 = Debug|Any CPU
		{672FECF5-9918-45F0-93D2-DD22A350F385}.Debug|Any CPU.Deploy.0 = Debug|Any CPU
		{672FECF5-9918-45F0-93D2-DD22A350F385}.Debug|iPhone.ActiveCfg = Debug|Any CPU
		{672FECF5-9918-45F0-93D2-DD22A350F385}.Debug|iPhone.Build.0 = Debug|Any CPU
		{672FECF5-9918-45F0-93D2-DD22A350F385}.Debug|iPhone.Deploy.0 = Debug|Any CPU
		{672FECF5-9918-45F0-93D2-DD22A350F385}.Debug|iPhoneSimulator.ActiveCfg = Debug|Any CPU
		{672FECF5-9918-45F0-93D2-DD22A350F385}.Debug|iPhoneSimulator.Build.0 = Debug|Any CPU
		{672FECF5-9918-45F0-93D2-DD22A350F385}.Debug|iPhoneSimulator.Deploy.0 = Debug|Any CPU
		{672FECF5-9918-45F0-93D2-DD22A350F385}.Debug|x64.ActiveCfg = Debug|x64
		{672FECF5-9918-45F0-93D2-DD22A350F385}.Debug|x64.Build.0 = Debug|x64
		{672FECF5-9918-45F0-93D2-DD22A350F385}.Debug|x64.Deploy.0 = Debug|x64
		{672FECF5-9918-45F0-93D2-DD22A350F385}.Release|Any CPU.ActiveCfg = Release|Any CPU
		{672FECF5-9918-45F0-93D2-DD22A350F385}.Release|Any CPU.Build.0 = Release|Any CPU
		{672FECF5-9918-45F0-93D2-DD22A350F385}.Release|Any CPU.Deploy.0 = Release|Any CPU
		{672FECF5-9918-45F0-93D2-DD22A350F385}.Release|iPhone.ActiveCfg = Release|Any CPU
		{672FECF5-9918-45F0-93D2-DD22A350F385}.Release|iPhone.Build.0 = Release|Any CPU
		{672FECF5-9918-45F0-93D2-DD22A350F385}.Release|iPhone.Deploy.0 = Release|Any CPU
		{672FECF5-9918-45F0-93D2-DD22A350F385}.Release|iPhoneSimulator.ActiveCfg = Release|Any CPU
		{672FECF5-9918-45F0-93D2-DD22A350F385}.Release|iPhoneSimulator.Build.0 = Release|Any CPU
		{672FECF5-9918-45F0-93D2-DD22A350F385}.Release|iPhoneSimulator.Deploy.0 = Release|Any CPU
		{672FECF5-9918-45F0-93D2-DD22A350F385}.Release|x64.ActiveCfg = Release|x64
		{672FECF5-9918-45F0-93D2-DD22A350F385}.Release|x64.Build.0 = Release|x64
		{672FECF5-9918-45F0-93D2-DD22A350F385}.Release|x64.Deploy.0 = Release|x64
		{06FA792E-A0E5-42CE-9047-3D8485185871}.Ad-Hoc|Any CPU.ActiveCfg = Ad-Hoc|iPhone
		{06FA792E-A0E5-42CE-9047-3D8485185871}.Ad-Hoc|Any CPU.Build.0 = Ad-Hoc|iPhone
		{06FA792E-A0E5-42CE-9047-3D8485185871}.Ad-Hoc|Any CPU.Deploy.0 = Ad-Hoc|iPhone
		{06FA792E-A0E5-42CE-9047-3D8485185871}.Ad-Hoc|iPhone.ActiveCfg = Ad-Hoc|iPhone
		{06FA792E-A0E5-42CE-9047-3D8485185871}.Ad-Hoc|iPhone.Build.0 = Ad-Hoc|iPhone
		{06FA792E-A0E5-42CE-9047-3D8485185871}.Ad-Hoc|iPhone.Deploy.0 = Ad-Hoc|iPhone
		{06FA792E-A0E5-42CE-9047-3D8485185871}.Ad-Hoc|iPhoneSimulator.ActiveCfg = Ad-Hoc|iPhoneSimulator
		{06FA792E-A0E5-42CE-9047-3D8485185871}.Ad-Hoc|iPhoneSimulator.Build.0 = Ad-Hoc|iPhoneSimulator
		{06FA792E-A0E5-42CE-9047-3D8485185871}.Ad-Hoc|iPhoneSimulator.Deploy.0 = Ad-Hoc|iPhoneSimulator
		{06FA792E-A0E5-42CE-9047-3D8485185871}.Ad-Hoc|x64.ActiveCfg = Ad-Hoc|iPhoneSimulator
		{06FA792E-A0E5-42CE-9047-3D8485185871}.AppStore|Any CPU.ActiveCfg = AppStore|iPhone
		{06FA792E-A0E5-42CE-9047-3D8485185871}.AppStore|Any CPU.Build.0 = AppStore|iPhone
		{06FA792E-A0E5-42CE-9047-3D8485185871}.AppStore|Any CPU.Deploy.0 = AppStore|iPhone
		{06FA792E-A0E5-42CE-9047-3D8485185871}.AppStore|iPhone.ActiveCfg = AppStore|iPhone
		{06FA792E-A0E5-42CE-9047-3D8485185871}.AppStore|iPhone.Build.0 = AppStore|iPhone
		{06FA792E-A0E5-42CE-9047-3D8485185871}.AppStore|iPhone.Deploy.0 = AppStore|iPhone
		{06FA792E-A0E5-42CE-9047-3D8485185871}.AppStore|iPhoneSimulator.ActiveCfg = AppStore|iPhoneSimulator
		{06FA792E-A0E5-42CE-9047-3D8485185871}.AppStore|iPhoneSimulator.Build.0 = AppStore|iPhoneSimulator
		{06FA792E-A0E5-42CE-9047-3D8485185871}.AppStore|iPhoneSimulator.Deploy.0 = AppStore|iPhoneSimulator
		{06FA792E-A0E5-42CE-9047-3D8485185871}.AppStore|x64.ActiveCfg = AppStore|iPhoneSimulator
		{06FA792E-A0E5-42CE-9047-3D8485185871}.Debug|Any CPU.ActiveCfg = Debug|iPhoneSimulator
		{06FA792E-A0E5-42CE-9047-3D8485185871}.Debug|Any CPU.Build.0 = Debug|iPhoneSimulator
		{06FA792E-A0E5-42CE-9047-3D8485185871}.Debug|Any CPU.Deploy.0 = Debug|iPhoneSimulator
		{06FA792E-A0E5-42CE-9047-3D8485185871}.Debug|iPhone.ActiveCfg = Debug|iPhone
		{06FA792E-A0E5-42CE-9047-3D8485185871}.Debug|iPhone.Build.0 = Debug|iPhone
		{06FA792E-A0E5-42CE-9047-3D8485185871}.Debug|iPhone.Deploy.0 = Debug|iPhone
		{06FA792E-A0E5-42CE-9047-3D8485185871}.Debug|iPhoneSimulator.ActiveCfg = Debug|iPhoneSimulator
		{06FA792E-A0E5-42CE-9047-3D8485185871}.Debug|iPhoneSimulator.Build.0 = Debug|iPhoneSimulator
		{06FA792E-A0E5-42CE-9047-3D8485185871}.Debug|iPhoneSimulator.Deploy.0 = Debug|iPhoneSimulator
		{06FA792E-A0E5-42CE-9047-3D8485185871}.Debug|x64.ActiveCfg = Debug|iPhone
		{06FA792E-A0E5-42CE-9047-3D8485185871}.Release|Any CPU.ActiveCfg = Release|iPhone
		{06FA792E-A0E5-42CE-9047-3D8485185871}.Release|Any CPU.Build.0 = Release|iPhone
		{06FA792E-A0E5-42CE-9047-3D8485185871}.Release|Any CPU.Deploy.0 = Release|iPhone
		{06FA792E-A0E5-42CE-9047-3D8485185871}.Release|iPhone.ActiveCfg = Release|iPhone
		{06FA792E-A0E5-42CE-9047-3D8485185871}.Release|iPhone.Build.0 = Release|iPhone
		{06FA792E-A0E5-42CE-9047-3D8485185871}.Release|iPhone.Deploy.0 = Release|iPhone
		{06FA792E-A0E5-42CE-9047-3D8485185871}.Release|iPhoneSimulator.ActiveCfg = Release|iPhoneSimulator
		{06FA792E-A0E5-42CE-9047-3D8485185871}.Release|iPhoneSimulator.Build.0 = Release|iPhoneSimulator
		{06FA792E-A0E5-42CE-9047-3D8485185871}.Release|iPhoneSimulator.Deploy.0 = Release|iPhoneSimulator
		{06FA792E-A0E5-42CE-9047-3D8485185871}.Release|x64.ActiveCfg = Release|iPhoneSimulator
		{B6A999FC-71E7-4086-8AE5-89CDC41F9376}.Ad-Hoc|Any CPU.ActiveCfg = Debug|Any CPU
		{B6A999FC-71E7-4086-8AE5-89CDC41F9376}.Ad-Hoc|Any CPU.Build.0 = Debug|Any CPU
		{B6A999FC-71E7-4086-8AE5-89CDC41F9376}.Ad-Hoc|Any CPU.Deploy.0 = Debug|Any CPU
		{B6A999FC-71E7-4086-8AE5-89CDC41F9376}.Ad-Hoc|iPhone.ActiveCfg = Debug|Any CPU
		{B6A999FC-71E7-4086-8AE5-89CDC41F9376}.Ad-Hoc|iPhone.Build.0 = Debug|Any CPU
		{B6A999FC-71E7-4086-8AE5-89CDC41F9376}.Ad-Hoc|iPhone.Deploy.0 = Debug|Any CPU
		{B6A999FC-71E7-4086-8AE5-89CDC41F9376}.Ad-Hoc|iPhoneSimulator.ActiveCfg = Debug|Any CPU
		{B6A999FC-71E7-4086-8AE5-89CDC41F9376}.Ad-Hoc|iPhoneSimulator.Build.0 = Debug|Any CPU
		{B6A999FC-71E7-4086-8AE5-89CDC41F9376}.Ad-Hoc|iPhoneSimulator.Deploy.0 = Debug|Any CPU
		{B6A999FC-71E7-4086-8AE5-89CDC41F9376}.Ad-Hoc|x64.ActiveCfg = Release|Any CPU
		{B6A999FC-71E7-4086-8AE5-89CDC41F9376}.Ad-Hoc|x64.Build.0 = Release|Any CPU
		{B6A999FC-71E7-4086-8AE5-89CDC41F9376}.AppStore|Any CPU.ActiveCfg = Debug|Any CPU
		{B6A999FC-71E7-4086-8AE5-89CDC41F9376}.AppStore|Any CPU.Build.0 = Debug|Any CPU
		{B6A999FC-71E7-4086-8AE5-89CDC41F9376}.AppStore|Any CPU.Deploy.0 = Debug|Any CPU
		{B6A999FC-71E7-4086-8AE5-89CDC41F9376}.AppStore|iPhone.ActiveCfg = Debug|Any CPU
		{B6A999FC-71E7-4086-8AE5-89CDC41F9376}.AppStore|iPhone.Build.0 = Debug|Any CPU
		{B6A999FC-71E7-4086-8AE5-89CDC41F9376}.AppStore|iPhone.Deploy.0 = Debug|Any CPU
		{B6A999FC-71E7-4086-8AE5-89CDC41F9376}.AppStore|iPhoneSimulator.ActiveCfg = Debug|Any CPU
		{B6A999FC-71E7-4086-8AE5-89CDC41F9376}.AppStore|iPhoneSimulator.Build.0 = Debug|Any CPU
		{B6A999FC-71E7-4086-8AE5-89CDC41F9376}.AppStore|iPhoneSimulator.Deploy.0 = Debug|Any CPU
		{B6A999FC-71E7-4086-8AE5-89CDC41F9376}.AppStore|x64.ActiveCfg = Release|Any CPU
		{B6A999FC-71E7-4086-8AE5-89CDC41F9376}.AppStore|x64.Build.0 = Release|Any CPU
		{B6A999FC-71E7-4086-8AE5-89CDC41F9376}.Debug|Any CPU.ActiveCfg = Debug|Any CPU
		{B6A999FC-71E7-4086-8AE5-89CDC41F9376}.Debug|Any CPU.Build.0 = Debug|Any CPU
		{B6A999FC-71E7-4086-8AE5-89CDC41F9376}.Debug|Any CPU.Deploy.0 = Debug|Any CPU
		{B6A999FC-71E7-4086-8AE5-89CDC41F9376}.Debug|iPhone.ActiveCfg = Debug|Any CPU
		{B6A999FC-71E7-4086-8AE5-89CDC41F9376}.Debug|iPhone.Build.0 = Debug|Any CPU
		{B6A999FC-71E7-4086-8AE5-89CDC41F9376}.Debug|iPhone.Deploy.0 = Debug|Any CPU
		{B6A999FC-71E7-4086-8AE5-89CDC41F9376}.Debug|iPhoneSimulator.ActiveCfg = Debug|Any CPU
		{B6A999FC-71E7-4086-8AE5-89CDC41F9376}.Debug|iPhoneSimulator.Build.0 = Debug|Any CPU
		{B6A999FC-71E7-4086-8AE5-89CDC41F9376}.Debug|iPhoneSimulator.Deploy.0 = Debug|Any CPU
		{B6A999FC-71E7-4086-8AE5-89CDC41F9376}.Debug|x64.ActiveCfg = Debug|Any CPU
		{B6A999FC-71E7-4086-8AE5-89CDC41F9376}.Debug|x64.Build.0 = Debug|Any CPU
		{B6A999FC-71E7-4086-8AE5-89CDC41F9376}.Release|Any CPU.ActiveCfg = Release|Any CPU
		{B6A999FC-71E7-4086-8AE5-89CDC41F9376}.Release|Any CPU.Build.0 = Release|Any CPU
		{B6A999FC-71E7-4086-8AE5-89CDC41F9376}.Release|Any CPU.Deploy.0 = Release|Any CPU
		{B6A999FC-71E7-4086-8AE5-89CDC41F9376}.Release|iPhone.ActiveCfg = Release|Any CPU
		{B6A999FC-71E7-4086-8AE5-89CDC41F9376}.Release|iPhone.Build.0 = Release|Any CPU
		{B6A999FC-71E7-4086-8AE5-89CDC41F9376}.Release|iPhone.Deploy.0 = Release|Any CPU
		{B6A999FC-71E7-4086-8AE5-89CDC41F9376}.Release|iPhoneSimulator.ActiveCfg = Release|Any CPU
		{B6A999FC-71E7-4086-8AE5-89CDC41F9376}.Release|iPhoneSimulator.Build.0 = Release|Any CPU
		{B6A999FC-71E7-4086-8AE5-89CDC41F9376}.Release|iPhoneSimulator.Deploy.0 = Release|Any CPU
		{B6A999FC-71E7-4086-8AE5-89CDC41F9376}.Release|x64.ActiveCfg = Release|Any CPU
		{B6A999FC-71E7-4086-8AE5-89CDC41F9376}.Release|x64.Build.0 = Release|Any CPU
	EndGlobalSection
	GlobalSection(SolutionProperties) = preSolution
		HideSolutionNode = FALSE
	EndGlobalSection
	GlobalSection(ExtensibilityGlobals) = postSolution
		SolutionGuid = {A5BD8B34-0E82-4A36-BE99-5AD8224736FF}
	EndGlobalSection
EndGlobal
